
Microsoft Visual Studio Solution File, Format Version 12.00
# Visual Studio 14
VisualStudioVersion = 14.0.25420.1
MinimumVisualStudioVersion = 10.0.40219.1
Project("{FAE04EC0-301F-11D3-BF4B-00C04F79EFBC}") = "CLASENº4", "CLASENº4\CLASENº4.csproj", "{01FF14A0-6D24-47FD-8981-7351C91462F6}"
EndProject
Project("{FAE04EC0-301F-11D3-BF4B-00C04F79EFBC}") = "ClaseNº5", "ClaseNº5\ClaseNº5.csproj", "{EEED178A-D8CD-48EE-A487-D1616304E77F}"
EndProject
Project("{FAE04EC0-301F-11D3-BF4B-00C04F79EFBC}") = "Ejercicio", "Ejercicio\Ejercicio.csproj", "{0A281BC8-4BA0-4C0D-81AC-E01F484AD183}"
EndProject
Global
	GlobalSection(SolutionConfigurationPlatforms) = preSolution
		Debug|Any CPU = Debug|Any CPU
		Release|Any CPU = Release|Any CPU
	EndGlobalSection
	GlobalSection(ProjectConfigurationPlatforms) = postSolution
		{01FF14A0-6D24-47FD-8981-7351C91462F6}.Debug|Any CPU.ActiveCfg = Debug|Any CPU
		{01FF14A0-6D24-47FD-8981-7351C91462F6}.Debug|Any CPU.Build.0 = Debug|Any CPU
		{01FF14A0-6D24-47FD-8981-7351C91462F6}.Release|Any CPU.ActiveCfg = Release|Any CPU
		{01FF14A0-6D24-47FD-8981-7351C91462F6}.Release|Any CPU.Build.0 = Release|Any CPU
		{EEED178A-D8CD-48EE-A487-D1616304E77F}.Debug|Any CPU.ActiveCfg = Debug|Any CPU
		{EEED178A-D8CD-48EE-A487-D1616304E77F}.Debug|Any CPU.Build.0 = Debug|Any CPU
		{EEED178A-D8CD-48EE-A487-D1616304E77F}.Release|Any CPU.ActiveCfg = Release|Any CPU
		{EEED178A-D8CD-48EE-A487-D1616304E77F}.Release|Any CPU.Build.0 = Release|Any CPU
		{0A281BC8-4BA0-4C0D-81AC-E01F484AD183}.Debug|Any CPU.ActiveCfg = Debug|Any CPU
		{0A281BC8-4BA0-4C0D-81AC-E01F484AD183}.Debug|Any CPU.Build.0 = Debug|Any CPU
		{0A281BC8-4BA0-4C0D-81AC-E01F484AD183}.Release|Any CPU.ActiveCfg = Release|Any CPU
		{0A281BC8-4BA0-4C0D-81AC-E01F484AD183}.Release|Any CPU.Build.0 = Release|Any CPU
	EndGlobalSection
	GlobalSection(SolutionProperties) = preSolution
		HideSolutionNode = FALSE
	EndGlobalSection
EndGlobal
